PODS:
  - Alamofire (3.5.0)
  - Charts (2.2.5):
    - Charts/Core (= 2.2.5)
  - Charts/Core (2.2.5)
  - DKChainableAnimationKit (1.6.1)
  - MZAppearance (1.1.6)
  - MZFormSheetPresentationController (2.4.2):
    - MZAppearance
  - SideMenuController (0.1.6)
  - SnapKit (0.22.0)
  - SVProgressHUD (2.0.3)
  - SwiftyJSON (2.3.2)
  - UIColor_Hex_Swift (2.1)

DEPENDENCIES:
  - Alamofire (~> 3.5.0)
  - Charts (~> 2.2.5)
  - DKChainableAnimationKit (~> 1.6.1)
  - MZFormSheetPresentationController (~> 2.4.2)
  - SideMenuController (~> 0.1.6)
  - SnapKit (~> 0.22.0)
  - SVProgressHUD (~> 2.0.3)
  - SwiftyJSON (~> 2.3.2)
  - UIColor_Hex_Swift (~> 2.1)

SPEC CHECKSUMS:
  Alamofire: b70a7352335f8ea5babd0a923eb7e8eacc67b877
  Charts: b48fcc8d7190de910ff9e9748f5360c8ea7856e5
  DKChainableAnimationKit: e4e605d253ee153cb600efa68f8c97ed118122a7
  MZAppearance: 0c06d3fa9cc55142f1da14bc8631fbe8fd6e19d5
  MZFormSheetPresentationController: c1dc3bce639d2393b3cc416fcb6e050eb5bca062
  SideMenuController: 442d67af6d5892934065d42d5c1c3b7d5be4953e
  SnapKit: 0dd2fd157330f1ea11fd84da13e6be8a7a22bae0
  SVProgressHUD: b0830714205bea1317ea1a2ebc71e5633af334d4
  SwiftyJSON: 04ccea08915aa0109039157c7974cf0298da292a
  UIColor_Hex_Swift: e91dc51f6bf252ec7bf74c8704ceedeeb7640c1c

PODFILE CHECKSUM: f1c1e8c657ad04fbbe07195fc8bc317eaf9f4838

COCOAPODS: 1.0.1
