PODS:
  - Alamofire (3.4.2)
  - SVProgressHUD (2.0.3)

DEPENDENCIES:
  - Alamofire
  - SVProgressHUD

SPEC CHECKSUMS:
  Alamofire: 6aa33201d20d069e1598891cf928883ff1888c7a
  SVProgressHUD: b0830714205bea1317ea1a2ebc71e5633af334d4

PODFILE CHECKSUM: ad3361c4619deb7cb830e53dd88b94d53e208153

COCOAPODS: 1.0.1
